<?xml version="1.0" encoding="utf-8"?>
<Project ToolsVersion="4.0" xmlns="http://schemas.microsoft.com/developer/msbuild/2003">
  <ItemGroup>
    <Filter Include="Source Files">
      <UniqueIdentifier>{4FC737F1-C7A5-4376-A066-2A32D752A2FF}</UniqueIdentifier>
      <Extensions>cpp;c;cc;cxx;c++;def;odl;idl;hpj;bat;asm;asmx</Extensions>
    </Filter>
    <Filter Include="Header Files">
      <UniqueIdentifier>{93995380-89BD-4b04-88EB-625FBE52EBFB}</UniqueIdentifier>
      <Extensions>h;hh;hpp;hxx;h++;hm;inl;inc;ipp;xsd</Extensions>
    </Filter>
    <Filter Include="Resource Files">
      <UniqueIdentifier>{67DA6AB6-F800-4c08-8B7A-83BB121AAD01}</UniqueIdentifier>
      <Extensions>rc;ico;cur;bmp;dlg;rc2;rct;bin;rgs;gif;jpg;jpeg;jpe;resx;tiff;tif;png;wav;mfcribbon-ms</Extensions>
    </Filter>
  </ItemGroup>
  <ItemGroup>
    <ClCompile Include="16)LdrFuncLoading.cpp">
      <Filter>Source Files</Filter>
    </ClCompile>
  </ItemGroup>
  <ItemGroup>
    <ClInclude Include="ntbcd.h">
      <Filter>Header Files</Filter>
    </ClInclude>
    <ClInclude Include="ntdbg.h">
      <Filter>Header Files</Filter>
    </ClInclude>
    <ClInclude Include="ntexapi.h">
      <Filter>Header Files</Filter>
    </ClInclude>
    <ClInclude Include="ntgdi.h">
      <Filter>Header Files</Filter>
    </ClInclude>
    <ClInclude Include="ntioapi.h">
      <Filter>Header Files</Filter>
    </ClInclude>
    <ClInclude Include="ntkeapi.h">
      <Filter>Header Files</Filter>
    </ClInclude>
    <ClInclude Include="ntldr.h">
      <Filter>Header Files</Filter>
    </ClInclude>
    <ClInclude Include="ntlpcapi.h">
      <Filter>Header Files</Filter>
    </ClInclude>
    <ClInclude Include="ntmisc.h">
      <Filter>Header Files</Filter>
    </ClInclude>
    <ClInclude Include="ntmmapi.h">
      <Filter>Header Files</Filter>
    </ClInclude>
    <ClInclude Include="ntnls.h">
      <Filter>Header Files</Filter>
    </ClInclude>
    <ClInclude Include="ntobapi.h">
      <Filter>Header Files</Filter>
    </ClInclude>
    <ClInclude Include="ntpebteb.h">
      <Filter>Header Files</Filter>
    </ClInclude>
    <ClInclude Include="ntpfapi.h">
      <Filter>Header Files</Filter>
    </ClInclude>
    <ClInclude Include="ntpnpapi.h">
      <Filter>Header Files</Filter>
    </ClInclude>
    <ClInclude Include="ntpoapi.h">
      <Filter>Header Files</Filter>
    </ClInclude>
    <ClInclude Include="ntpsapi.h">
      <Filter>Header Files</Filter>
    </ClInclude>
    <ClInclude Include="ntregapi.h">
      <Filter>Header Files</Filter>
    </ClInclude>
    <ClInclude Include="ntrtl.h">
      <Filter>Header Files</Filter>
    </ClInclude>
    <ClInclude Include="ntsam.h">
      <Filter>Header Files</Filter>
    </ClInclude>
    <ClInclude Include="ntseapi.h">
      <Filter>Header Files</Filter>
    </ClInclude>
    <ClInclude Include="ntsmss.h">
      <Filter>Header Files</Filter>
    </ClInclude>
    <ClInclude Include="nttmapi.h">
      <Filter>Header Files</Filter>
    </ClInclude>
    <ClInclude Include="nttp.h">
      <Filter>Header Files</Filter>
    </ClInclude>
    <ClInclude Include="ntwow64.h">
      <Filter>Header Files</Filter>
    </ClInclude>
    <ClInclude Include="ntxcapi.h">
      <Filter>Header Files</Filter>
    </ClInclude>
    <ClInclude Include="ntzwapi.h">
      <Filter>Header Files</Filter>
    </ClInclude>
    <ClInclude Include="phnt.h">
      <Filter>Header Files</Filter>
    </ClInclude>
    <ClInclude Include="phnt_ntdef.h">
      <Filter>Header Files</Filter>
    </ClInclude>
    <ClInclude Include="phnt_windows.h">
      <Filter>Header Files</Filter>
    </ClInclude>
    <ClInclude Include="subprocesstag.h">
      <Filter>Header Files</Filter>
    </ClInclude>
    <ClInclude Include="winsta.h">
      <Filter>Header Files</Filter>
    </ClInclude>
  </ItemGroup>
</Project>