
Microsoft Visual Studio Solution File, Format Version 12.00
# Visual Studio Version 16
VisualStudioVersion = 16.0.30309.148
MinimumVisualStudioVersion = 10.0.40219.1
Project("{2150E333-8FDC-42A3-9474-1A3956D46DE8}") = "0_HelloModule", "0_HelloModule", "{2B93D2AD-AA1A-43F2-B1DE-486193B35CEE}"
EndProject
Project("{2150E333-8FDC-42A3-9474-1A3956D46DE8}") = "1_DoublyLinkedLists", "1_DoublyLinkedLists", "{A7F388E0-5C26-4A8C-A101-189CC8AF8B4A}"
EndProject
Project("{2150E333-8FDC-42A3-9474-1A3956D46DE8}") = "2_KernelRootkit", "2_KernelRootkit", "{987C2EC7-CABE-487A-8B20-662A9471E7EB}"
EndProject
Project("{8BC9CEB8-8B4A-11D0-8D11-00A0C91BC942}") = "HelloKernelMod", "HelloKernelMod\HelloKernelMod.vcxproj", "{AB5B48EB-8E88-471E-A1D8-9FEDF4F6B4AE}"
EndProject
Project("{8BC9CEB8-8B4A-11D0-8D11-00A0C91BC942}") = "DoublyLists", "DoublyLists\DoublyLists.vcxproj", "{8FF488C2-DDE4-4916-B91E-C10454CDABD0}"
EndProject
Project("{8BC9CEB8-8B4A-11D0-8D11-00A0C91BC942}") = "RootkitDriver", "RootkitDriver\RootkitDriver.vcxproj", "{CCA8D9E5-0BFD-41E3-976B-35E44D23196F}"
EndProject
Project("{8BC9CEB8-8B4A-11D0-8D11-00A0C91BC942}") = "RootkitUserMode", "RootkitUserMode\RootkitUserMode.vcxproj", "{3AED5A14-3B8E-4ACC-9347-DA6BC019512C}"
EndProject
Global
	GlobalSection(SolutionConfigurationPlatforms) = preSolution
		Debug|ARM = Debug|ARM
		Debug|ARM64 = Debug|ARM64
		Debug|x64 = Debug|x64
		Debug|x86 = Debug|x86
		Release|ARM = Release|ARM
		Release|ARM64 = Release|ARM64
		Release|x64 = Release|x64
		Release|x86 = Release|x86
	EndGlobalSection
	GlobalSection(ProjectConfigurationPlatforms) = postSolution
		{AB5B48EB-8E88-471E-A1D8-9FEDF4F6B4AE}.Debug|ARM.ActiveCfg = Debug|ARM
		{AB5B48EB-8E88-471E-A1D8-9FEDF4F6B4AE}.Debug|ARM.Build.0 = Debug|ARM
		{AB5B48EB-8E88-471E-A1D8-9FEDF4F6B4AE}.Debug|ARM.Deploy.0 = Debug|ARM
		{AB5B48EB-8E88-471E-A1D8-9FEDF4F6B4AE}.Debug|ARM64.ActiveCfg = Debug|ARM64
		{AB5B48EB-8E88-471E-A1D8-9FEDF4F6B4AE}.Debug|ARM64.Build.0 = Debug|ARM64
		{AB5B48EB-8E88-471E-A1D8-9FEDF4F6B4AE}.Debug|ARM64.Deploy.0 = Debug|ARM64
		{AB5B48EB-8E88-471E-A1D8-9FEDF4F6B4AE}.Debug|x64.ActiveCfg = Debug|x64
		{AB5B48EB-8E88-471E-A1D8-9FEDF4F6B4AE}.Debug|x64.Build.0 = Debug|x64
		{AB5B48EB-8E88-471E-A1D8-9FEDF4F6B4AE}.Debug|x64.Deploy.0 = Debug|x64
		{AB5B48EB-8E88-471E-A1D8-9FEDF4F6B4AE}.Debug|x86.ActiveCfg = Debug|Win32
		{AB5B48EB-8E88-471E-A1D8-9FEDF4F6B4AE}.Debug|x86.Build.0 = Debug|Win32
		{AB5B48EB-8E88-471E-A1D8-9FEDF4F6B4AE}.Debug|x86.Deploy.0 = Debug|Win32
		{AB5B48EB-8E88-471E-A1D8-9FEDF4F6B4AE}.Release|ARM.ActiveCfg = Release|ARM
		{AB5B48EB-8E88-471E-A1D8-9FEDF4F6B4AE}.Release|ARM.Build.0 = Release|ARM
		{AB5B48EB-8E88-471E-A1D8-9FEDF4F6B4AE}.Release|ARM.Deploy.0 = Release|ARM
		{AB5B48EB-8E88-471E-A1D8-9FEDF4F6B4AE}.Release|ARM64.ActiveCfg = Release|ARM64
		{AB5B48EB-8E88-471E-A1D8-9FEDF4F6B4AE}.Release|ARM64.Build.0 = Release|ARM64
		{AB5B48EB-8E88-471E-A1D8-9FEDF4F6B4AE}.Release|ARM64.Deploy.0 = Release|ARM64
		{AB5B48EB-8E88-471E-A1D8-9FEDF4F6B4AE}.Release|x64.ActiveCfg = Release|x64
		{AB5B48EB-8E88-471E-A1D8-9FEDF4F6B4AE}.Release|x64.Build.0 = Release|x64
		{AB5B48EB-8E88-471E-A1D8-9FEDF4F6B4AE}.Release|x64.Deploy.0 = Release|x64
		{AB5B48EB-8E88-471E-A1D8-9FEDF4F6B4AE}.Release|x86.ActiveCfg = Release|Win32
		{AB5B48EB-8E88-471E-A1D8-9FEDF4F6B4AE}.Release|x86.Build.0 = Release|Win32
		{AB5B48EB-8E88-471E-A1D8-9FEDF4F6B4AE}.Release|x86.Deploy.0 = Release|Win32
		{8FF488C2-DDE4-4916-B91E-C10454CDABD0}.Debug|ARM.ActiveCfg = Debug|Win32
		{8FF488C2-DDE4-4916-B91E-C10454CDABD0}.Debug|ARM64.ActiveCfg = Debug|Win32
		{8FF488C2-DDE4-4916-B91E-C10454CDABD0}.Debug|x64.ActiveCfg = Debug|x64
		{8FF488C2-DDE4-4916-B91E-C10454CDABD0}.Debug|x64.Build.0 = Debug|x64
		{8FF488C2-DDE4-4916-B91E-C10454CDABD0}.Debug|x86.ActiveCfg = Debug|Win32
		{8FF488C2-DDE4-4916-B91E-C10454CDABD0}.Debug|x86.Build.0 = Debug|Win32
		{8FF488C2-DDE4-4916-B91E-C10454CDABD0}.Release|ARM.ActiveCfg = Release|Win32
		{8FF488C2-DDE4-4916-B91E-C10454CDABD0}.Release|ARM64.ActiveCfg = Release|Win32
		{8FF488C2-DDE4-4916-B91E-C10454CDABD0}.Release|x64.ActiveCfg = Release|x64
		{8FF488C2-DDE4-4916-B91E-C10454CDABD0}.Release|x64.Build.0 = Release|x64
		{8FF488C2-DDE4-4916-B91E-C10454CDABD0}.Release|x86.ActiveCfg = Release|Win32
		{8FF488C2-DDE4-4916-B91E-C10454CDABD0}.Release|x86.Build.0 = Release|Win32
		{CCA8D9E5-0BFD-41E3-976B-35E44D23196F}.Debug|ARM.ActiveCfg = Debug|ARM
		{CCA8D9E5-0BFD-41E3-976B-35E44D23196F}.Debug|ARM.Build.0 = Debug|ARM
		{CCA8D9E5-0BFD-41E3-976B-35E44D23196F}.Debug|ARM.Deploy.0 = Debug|ARM
		{CCA8D9E5-0BFD-41E3-976B-35E44D23196F}.Debug|ARM64.ActiveCfg = Debug|ARM64
		{CCA8D9E5-0BFD-41E3-976B-35E44D23196F}.Debug|ARM64.Build.0 = Debug|ARM64
		{CCA8D9E5-0BFD-41E3-976B-35E44D23196F}.Debug|ARM64.Deploy.0 = Debug|ARM64
		{CCA8D9E5-0BFD-41E3-976B-35E44D23196F}.Debug|x64.ActiveCfg = Debug|x64
		{CCA8D9E5-0BFD-41E3-976B-35E44D23196F}.Debug|x64.Build.0 = Debug|x64
		{CCA8D9E5-0BFD-41E3-976B-35E44D23196F}.Debug|x64.Deploy.0 = Debug|x64
		{CCA8D9E5-0BFD-41E3-976B-35E44D23196F}.Debug|x86.ActiveCfg = Debug|Win32
		{CCA8D9E5-0BFD-41E3-976B-35E44D23196F}.Debug|x86.Build.0 = Debug|Win32
		{CCA8D9E5-0BFD-41E3-976B-35E44D23196F}.Debug|x86.Deploy.0 = Debug|Win32
		{CCA8D9E5-0BFD-41E3-976B-35E44D23196F}.Release|ARM.ActiveCfg = Release|ARM
		{CCA8D9E5-0BFD-41E3-976B-35E44D23196F}.Release|ARM.Build.0 = Release|ARM
		{CCA8D9E5-0BFD-41E3-976B-35E44D23196F}.Release|ARM.Deploy.0 = Release|ARM
		{CCA8D9E5-0BFD-41E3-976B-35E44D23196F}.Release|ARM64.ActiveCfg = Release|ARM64
		{CCA8D9E5-0BFD-41E3-976B-35E44D23196F}.Release|ARM64.Build.0 = Release|ARM64
		{CCA8D9E5-0BFD-41E3-976B-35E44D23196F}.Release|ARM64.Deploy.0 = Release|ARM64
		{CCA8D9E5-0BFD-41E3-976B-35E44D23196F}.Release|x64.ActiveCfg = Release|x64
		{CCA8D9E5-0BFD-41E3-976B-35E44D23196F}.Release|x64.Build.0 = Release|x64
		{CCA8D9E5-0BFD-41E3-976B-35E44D23196F}.Release|x64.Deploy.0 = Release|x64
		{CCA8D9E5-0BFD-41E3-976B-35E44D23196F}.Release|x86.ActiveCfg = Release|Win32
		{CCA8D9E5-0BFD-41E3-976B-35E44D23196F}.Release|x86.Build.0 = Release|Win32
		{CCA8D9E5-0BFD-41E3-976B-35E44D23196F}.Release|x86.Deploy.0 = Release|Win32
		{3AED5A14-3B8E-4ACC-9347-DA6BC019512C}.Debug|ARM.ActiveCfg = Debug|Win32
		{3AED5A14-3B8E-4ACC-9347-DA6BC019512C}.Debug|ARM64.ActiveCfg = Debug|Win32
		{3AED5A14-3B8E-4ACC-9347-DA6BC019512C}.Debug|x64.ActiveCfg = Debug|x64
		{3AED5A14-3B8E-4ACC-9347-DA6BC019512C}.Debug|x64.Build.0 = Debug|x64
		{3AED5A14-3B8E-4ACC-9347-DA6BC019512C}.Debug|x86.ActiveCfg = Debug|Win32
		{3AED5A14-3B8E-4ACC-9347-DA6BC019512C}.Debug|x86.Build.0 = Debug|Win32
		{3AED5A14-3B8E-4ACC-9347-DA6BC019512C}.Release|ARM.ActiveCfg = Release|Win32
		{3AED5A14-3B8E-4ACC-9347-DA6BC019512C}.Release|ARM64.ActiveCfg = Release|Win32
		{3AED5A14-3B8E-4ACC-9347-DA6BC019512C}.Release|x64.ActiveCfg = Release|x64
		{3AED5A14-3B8E-4ACC-9347-DA6BC019512C}.Release|x64.Build.0 = Release|x64
		{3AED5A14-3B8E-4ACC-9347-DA6BC019512C}.Release|x86.ActiveCfg = Release|Win32
		{3AED5A14-3B8E-4ACC-9347-DA6BC019512C}.Release|x86.Build.0 = Release|Win32
	EndGlobalSection
	GlobalSection(SolutionProperties) = preSolution
		HideSolutionNode = FALSE
	EndGlobalSection
	GlobalSection(NestedProjects) = preSolution
		{AB5B48EB-8E88-471E-A1D8-9FEDF4F6B4AE} = {2B93D2AD-AA1A-43F2-B1DE-486193B35CEE}
		{8FF488C2-DDE4-4916-B91E-C10454CDABD0} = {A7F388E0-5C26-4A8C-A101-189CC8AF8B4A}
		{CCA8D9E5-0BFD-41E3-976B-35E44D23196F} = {987C2EC7-CABE-487A-8B20-662A9471E7EB}
		{3AED5A14-3B8E-4ACC-9347-DA6BC019512C} = {987C2EC7-CABE-487A-8B20-662A9471E7EB}
	EndGlobalSection
	GlobalSection(ExtensibilityGlobals) = postSolution
		SolutionGuid = {30264E85-AF2B-44B7-9F9B-6EE20D09555C}
	EndGlobalSection
EndGlobal
