
Microsoft Visual Studio Solution File, Format Version 12.00
# Visual Studio Version 16
VisualStudioVersion = 16.0.30309.148
MinimumVisualStudioVersion = 10.0.40219.1
Project("{8BC9CEB8-8B4A-11D0-8D11-00A0C91BC942}") = "01)GetWindowsVersion", "01)GetWindowsVersion\01)GetWindowsVersion.vcxproj", "{15CC3A83-5727-460E-9BB9-0803CD9B9614}"
EndProject
Project("{8BC9CEB8-8B4A-11D0-8D11-00A0C91BC942}") = "02)ThreadLocalStorage", "02)ThreadLocalStorage\02)ThreadLocalStorage.vcxproj", "{6555AB26-2C33-40AF-874E-73F05B6EA017}"
EndProject
Project("{8BC9CEB8-8B4A-11D0-8D11-00A0C91BC942}") = "03)WinApiThreads", "03)WinApiThreads\03)WinApiThreads.vcxproj", "{A5303171-D429-4547-8FD9-193F229AB04A}"
EndProject
Project("{8BC9CEB8-8B4A-11D0-8D11-00A0C91BC942}") = "04)HelloNative", "04)HelloNative\04)HelloNative.vcxproj", "{FA500F75-FC29-4082-AD4F-CB076C264E82}"
EndProject
Project("{8BC9CEB8-8B4A-11D0-8D11-00A0C91BC942}") = "05)DesktopHooks", "05)DesktopHooks\05)DesktopHooks.vcxproj", "{6A2110A5-1E7B-48BA-BC97-8CEB05634731}"
EndProject
Project("{8BC9CEB8-8B4A-11D0-8D11-00A0C91BC942}") = "06)NPLogonNotifyTest", "06)NPLogonNotifyTest\06)NPLogonNotifyTest.vcxproj", "{36A39B02-0371-4620-9083-EB2125072590}"
EndProject
Project("{8BC9CEB8-8B4A-11D0-8D11-00A0C91BC942}") = "07)CallingConvention", "07)CallingConvention\07)CallingConvention.vcxproj", "{781717C9-AEE1-4F17-88AC-8ED1A32DF02B}"
EndProject
Project("{8BC9CEB8-8B4A-11D0-8D11-00A0C91BC942}") = "08)WindowsListEntry", "08)WindowsListEntry\08)WindowsListEntry.vcxproj", "{F82D01FE-363F-4AC7-B5AF-ABF793972C77}"
EndProject
Project("{2150E333-8FDC-42A3-9474-1A3956D46DE8}") = "09)ProcManDriver", "09)ProcManDriver", "{B46CDE62-BAF3-4FEF-B340-7C7BC4DC911F}"
EndProject
Project("{8BC9CEB8-8B4A-11D0-8D11-00A0C91BC942}") = "10)DuplicateTokenElevateProcess", "10)DuplicateTokenElevateProcess\10)DuplicateTokenElevateProcess.vcxproj", "{90B99645-E776-4EA8-B201-C97F03BD6525}"
EndProject
Project("{8BC9CEB8-8B4A-11D0-8D11-00A0C91BC942}") = "11)MemReserveCommit", "11)MemReserveCommit\11)MemReserveCommit.vcxproj", "{4D863AAC-2EC1-4697-8FC9-E0D148DE92CD}"
EndProject
Project("{2150E333-8FDC-42A3-9474-1A3956D46DE8}") = "12)RemoteVirtualAllocCodeInject", "12)RemoteVirtualAllocCodeInject", "{88F932DB-0CE9-4393-9370-386FE95C57D1}"
EndProject
Project("{8BC9CEB8-8B4A-11D0-8D11-00A0C91BC942}") = "12)SimpleDll", "12)SimpleDll\12)SimpleDll.vcxproj", "{991C00E9-E60F-46CE-95AA-60E207BE061D}"
EndProject
Project("{8BC9CEB8-8B4A-11D0-8D11-00A0C91BC942}") = "12)SimpleDllInjector", "12)SimpleDllInjector\12)SimpleDllInjector.vcxproj", "{74EA8304-C3A1-4474-B373-F3874098B6D7}"
EndProject
Project("{8BC9CEB8-8B4A-11D0-8D11-00A0C91BC942}") = "13)UsingWindowsHeapAPIs", "13)UsingWindowsHeapAPIs\13)UsingWindowsHeapAPIs.vcxproj", "{1AA4637B-9E80-4337-9F9F-5C44FF8F92AA}"
EndProject
Project("{8BC9CEB8-8B4A-11D0-8D11-00A0C91BC942}") = "14)SimpleFunLoading", "14)SimpleFunLoading\14)SimpleFunLoading.vcxproj", "{88B91773-58F6-45A4-9CAF-8F0DB25EBA29}"
EndProject
Project("{8BC9CEB8-8B4A-11D0-8D11-00A0C91BC942}") = "15)IAT-Hooking", "15)IAT-Hooking\15)IAT-Hooking.vcxproj", "{34907A84-5F72-473D-B197-4B56F810578E}"
EndProject
Project("{8BC9CEB8-8B4A-11D0-8D11-00A0C91BC942}") = "16)LdrFuncLoading", "16)LdrFuncLoading\16)LdrFuncLoading.vcxproj", "{FF4BA9A5-D639-4FB8-A02C-83A2946E7501}"
EndProject
Project("{8BC9CEB8-8B4A-11D0-8D11-00A0C91BC942}") = "09)ProcessManipulatorDriver", "09)ProcessManipulatorDriver\ProcessManipulatorDriver.vcxproj", "{51F4A95F-8E1C-4DF0-86F4-8AFB48CDB463}"
EndProject
Project("{8BC9CEB8-8B4A-11D0-8D11-00A0C91BC942}") = "09)ProcessManipulatorUserCode", "09)ProcessManipulatorUserCode\ProcessManipulatorUserCode.vcxproj", "{36F7BDF8-BD0D-426D-A27D-881B9B84DCE1}"
EndProject
Global
	GlobalSection(SolutionConfigurationPlatforms) = preSolution
		Debug|ARM = Debug|ARM
		Debug|ARM64 = Debug|ARM64
		Debug|x64 = Debug|x64
		Debug|x86 = Debug|x86
		Release|ARM = Release|ARM
		Release|ARM64 = Release|ARM64
		Release|x64 = Release|x64
		Release|x86 = Release|x86
	EndGlobalSection
	GlobalSection(ProjectConfigurationPlatforms) = postSolution
		{15CC3A83-5727-460E-9BB9-0803CD9B9614}.Debug|ARM.ActiveCfg = Debug|Win32
		{15CC3A83-5727-460E-9BB9-0803CD9B9614}.Debug|ARM64.ActiveCfg = Debug|Win32
		{15CC3A83-5727-460E-9BB9-0803CD9B9614}.Debug|x64.ActiveCfg = Debug|x64
		{15CC3A83-5727-460E-9BB9-0803CD9B9614}.Debug|x64.Build.0 = Debug|x64
		{15CC3A83-5727-460E-9BB9-0803CD9B9614}.Debug|x86.ActiveCfg = Debug|Win32
		{15CC3A83-5727-460E-9BB9-0803CD9B9614}.Debug|x86.Build.0 = Debug|Win32
		{15CC3A83-5727-460E-9BB9-0803CD9B9614}.Release|ARM.ActiveCfg = Release|Win32
		{15CC3A83-5727-460E-9BB9-0803CD9B9614}.Release|ARM64.ActiveCfg = Release|Win32
		{15CC3A83-5727-460E-9BB9-0803CD9B9614}.Release|x64.ActiveCfg = Release|x64
		{15CC3A83-5727-460E-9BB9-0803CD9B9614}.Release|x64.Build.0 = Release|x64
		{15CC3A83-5727-460E-9BB9-0803CD9B9614}.Release|x86.ActiveCfg = Release|Win32
		{15CC3A83-5727-460E-9BB9-0803CD9B9614}.Release|x86.Build.0 = Release|Win32
		{6555AB26-2C33-40AF-874E-73F05B6EA017}.Debug|ARM.ActiveCfg = Debug|Win32
		{6555AB26-2C33-40AF-874E-73F05B6EA017}.Debug|ARM64.ActiveCfg = Debug|Win32
		{6555AB26-2C33-40AF-874E-73F05B6EA017}.Debug|x64.ActiveCfg = Debug|x64
		{6555AB26-2C33-40AF-874E-73F05B6EA017}.Debug|x64.Build.0 = Debug|x64
		{6555AB26-2C33-40AF-874E-73F05B6EA017}.Debug|x86.ActiveCfg = Debug|Win32
		{6555AB26-2C33-40AF-874E-73F05B6EA017}.Debug|x86.Build.0 = Debug|Win32
		{6555AB26-2C33-40AF-874E-73F05B6EA017}.Release|ARM.ActiveCfg = Release|Win32
		{6555AB26-2C33-40AF-874E-73F05B6EA017}.Release|ARM64.ActiveCfg = Release|Win32
		{6555AB26-2C33-40AF-874E-73F05B6EA017}.Release|x64.ActiveCfg = Release|x64
		{6555AB26-2C33-40AF-874E-73F05B6EA017}.Release|x64.Build.0 = Release|x64
		{6555AB26-2C33-40AF-874E-73F05B6EA017}.Release|x86.ActiveCfg = Release|Win32
		{6555AB26-2C33-40AF-874E-73F05B6EA017}.Release|x86.Build.0 = Release|Win32
		{A5303171-D429-4547-8FD9-193F229AB04A}.Debug|ARM.ActiveCfg = Debug|Win32
		{A5303171-D429-4547-8FD9-193F229AB04A}.Debug|ARM64.ActiveCfg = Debug|Win32
		{A5303171-D429-4547-8FD9-193F229AB04A}.Debug|x64.ActiveCfg = Debug|x64
		{A5303171-D429-4547-8FD9-193F229AB04A}.Debug|x64.Build.0 = Debug|x64
		{A5303171-D429-4547-8FD9-193F229AB04A}.Debug|x86.ActiveCfg = Debug|Win32
		{A5303171-D429-4547-8FD9-193F229AB04A}.Debug|x86.Build.0 = Debug|Win32
		{A5303171-D429-4547-8FD9-193F229AB04A}.Release|ARM.ActiveCfg = Release|Win32
		{A5303171-D429-4547-8FD9-193F229AB04A}.Release|ARM64.ActiveCfg = Release|Win32
		{A5303171-D429-4547-8FD9-193F229AB04A}.Release|x64.ActiveCfg = Release|x64
		{A5303171-D429-4547-8FD9-193F229AB04A}.Release|x64.Build.0 = Release|x64
		{A5303171-D429-4547-8FD9-193F229AB04A}.Release|x86.ActiveCfg = Release|Win32
		{A5303171-D429-4547-8FD9-193F229AB04A}.Release|x86.Build.0 = Release|Win32
		{FA500F75-FC29-4082-AD4F-CB076C264E82}.Debug|ARM.ActiveCfg = Debug|Win32
		{FA500F75-FC29-4082-AD4F-CB076C264E82}.Debug|ARM64.ActiveCfg = Debug|Win32
		{FA500F75-FC29-4082-AD4F-CB076C264E82}.Debug|x64.ActiveCfg = Debug|x64
		{FA500F75-FC29-4082-AD4F-CB076C264E82}.Debug|x64.Build.0 = Debug|x64
		{FA500F75-FC29-4082-AD4F-CB076C264E82}.Debug|x86.ActiveCfg = Debug|Win32
		{FA500F75-FC29-4082-AD4F-CB076C264E82}.Debug|x86.Build.0 = Debug|Win32
		{FA500F75-FC29-4082-AD4F-CB076C264E82}.Release|ARM.ActiveCfg = Release|Win32
		{FA500F75-FC29-4082-AD4F-CB076C264E82}.Release|ARM64.ActiveCfg = Release|Win32
		{FA500F75-FC29-4082-AD4F-CB076C264E82}.Release|x64.ActiveCfg = Release|x64
		{FA500F75-FC29-4082-AD4F-CB076C264E82}.Release|x64.Build.0 = Release|x64
		{FA500F75-FC29-4082-AD4F-CB076C264E82}.Release|x86.ActiveCfg = Release|Win32
		{FA500F75-FC29-4082-AD4F-CB076C264E82}.Release|x86.Build.0 = Release|Win32
		{6A2110A5-1E7B-48BA-BC97-8CEB05634731}.Debug|ARM.ActiveCfg = Debug|Win32
		{6A2110A5-1E7B-48BA-BC97-8CEB05634731}.Debug|ARM64.ActiveCfg = Debug|Win32
		{6A2110A5-1E7B-48BA-BC97-8CEB05634731}.Debug|x64.ActiveCfg = Debug|x64
		{6A2110A5-1E7B-48BA-BC97-8CEB05634731}.Debug|x64.Build.0 = Debug|x64
		{6A2110A5-1E7B-48BA-BC97-8CEB05634731}.Debug|x86.ActiveCfg = Debug|Win32
		{6A2110A5-1E7B-48BA-BC97-8CEB05634731}.Debug|x86.Build.0 = Debug|Win32
		{6A2110A5-1E7B-48BA-BC97-8CEB05634731}.Release|ARM.ActiveCfg = Release|Win32
		{6A2110A5-1E7B-48BA-BC97-8CEB05634731}.Release|ARM64.ActiveCfg = Release|Win32
		{6A2110A5-1E7B-48BA-BC97-8CEB05634731}.Release|x64.ActiveCfg = Release|x64
		{6A2110A5-1E7B-48BA-BC97-8CEB05634731}.Release|x64.Build.0 = Release|x64
		{6A2110A5-1E7B-48BA-BC97-8CEB05634731}.Release|x86.ActiveCfg = Release|Win32
		{6A2110A5-1E7B-48BA-BC97-8CEB05634731}.Release|x86.Build.0 = Release|Win32
		{36A39B02-0371-4620-9083-EB2125072590}.Debug|ARM.ActiveCfg = Debug|Win32
		{36A39B02-0371-4620-9083-EB2125072590}.Debug|ARM64.ActiveCfg = Debug|Win32
		{36A39B02-0371-4620-9083-EB2125072590}.Debug|x64.ActiveCfg = Debug|x64
		{36A39B02-0371-4620-9083-EB2125072590}.Debug|x64.Build.0 = Debug|x64
		{36A39B02-0371-4620-9083-EB2125072590}.Debug|x86.ActiveCfg = Debug|Win32
		{36A39B02-0371-4620-9083-EB2125072590}.Debug|x86.Build.0 = Debug|Win32
		{36A39B02-0371-4620-9083-EB2125072590}.Release|ARM.ActiveCfg = Release|Win32
		{36A39B02-0371-4620-9083-EB2125072590}.Release|ARM64.ActiveCfg = Release|Win32
		{36A39B02-0371-4620-9083-EB2125072590}.Release|x64.ActiveCfg = Release|x64
		{36A39B02-0371-4620-9083-EB2125072590}.Release|x64.Build.0 = Release|x64
		{36A39B02-0371-4620-9083-EB2125072590}.Release|x86.ActiveCfg = Release|Win32
		{36A39B02-0371-4620-9083-EB2125072590}.Release|x86.Build.0 = Release|Win32
		{781717C9-AEE1-4F17-88AC-8ED1A32DF02B}.Debug|ARM.ActiveCfg = Debug|Win32
		{781717C9-AEE1-4F17-88AC-8ED1A32DF02B}.Debug|ARM64.ActiveCfg = Debug|Win32
		{781717C9-AEE1-4F17-88AC-8ED1A32DF02B}.Debug|x64.ActiveCfg = Debug|x64
		{781717C9-AEE1-4F17-88AC-8ED1A32DF02B}.Debug|x64.Build.0 = Debug|x64
		{781717C9-AEE1-4F17-88AC-8ED1A32DF02B}.Debug|x86.ActiveCfg = Debug|Win32
		{781717C9-AEE1-4F17-88AC-8ED1A32DF02B}.Debug|x86.Build.0 = Debug|Win32
		{781717C9-AEE1-4F17-88AC-8ED1A32DF02B}.Release|ARM.ActiveCfg = Release|Win32
		{781717C9-AEE1-4F17-88AC-8ED1A32DF02B}.Release|ARM64.ActiveCfg = Release|Win32
		{781717C9-AEE1-4F17-88AC-8ED1A32DF02B}.Release|x64.ActiveCfg = Release|x64
		{781717C9-AEE1-4F17-88AC-8ED1A32DF02B}.Release|x64.Build.0 = Release|x64
		{781717C9-AEE1-4F17-88AC-8ED1A32DF02B}.Release|x86.ActiveCfg = Release|Win32
		{781717C9-AEE1-4F17-88AC-8ED1A32DF02B}.Release|x86.Build.0 = Release|Win32
		{F82D01FE-363F-4AC7-B5AF-ABF793972C77}.Debug|ARM.ActiveCfg = Debug|Win32
		{F82D01FE-363F-4AC7-B5AF-ABF793972C77}.Debug|ARM64.ActiveCfg = Debug|Win32
		{F82D01FE-363F-4AC7-B5AF-ABF793972C77}.Debug|x64.ActiveCfg = Debug|x64
		{F82D01FE-363F-4AC7-B5AF-ABF793972C77}.Debug|x64.Build.0 = Debug|x64
		{F82D01FE-363F-4AC7-B5AF-ABF793972C77}.Debug|x86.ActiveCfg = Debug|Win32
		{F82D01FE-363F-4AC7-B5AF-ABF793972C77}.Debug|x86.Build.0 = Debug|Win32
		{F82D01FE-363F-4AC7-B5AF-ABF793972C77}.Release|ARM.ActiveCfg = Release|Win32
		{F82D01FE-363F-4AC7-B5AF-ABF793972C77}.Release|ARM64.ActiveCfg = Release|Win32
		{F82D01FE-363F-4AC7-B5AF-ABF793972C77}.Release|x64.ActiveCfg = Release|x64
		{F82D01FE-363F-4AC7-B5AF-ABF793972C77}.Release|x64.Build.0 = Release|x64
		{F82D01FE-363F-4AC7-B5AF-ABF793972C77}.Release|x86.ActiveCfg = Release|Win32
		{F82D01FE-363F-4AC7-B5AF-ABF793972C77}.Release|x86.Build.0 = Release|Win32
		{90B99645-E776-4EA8-B201-C97F03BD6525}.Debug|ARM.ActiveCfg = Debug|Win32
		{90B99645-E776-4EA8-B201-C97F03BD6525}.Debug|ARM64.ActiveCfg = Debug|Win32
		{90B99645-E776-4EA8-B201-C97F03BD6525}.Debug|x64.ActiveCfg = Debug|x64
		{90B99645-E776-4EA8-B201-C97F03BD6525}.Debug|x64.Build.0 = Debug|x64
		{90B99645-E776-4EA8-B201-C97F03BD6525}.Debug|x86.ActiveCfg = Debug|Win32
		{90B99645-E776-4EA8-B201-C97F03BD6525}.Debug|x86.Build.0 = Debug|Win32
		{90B99645-E776-4EA8-B201-C97F03BD6525}.Release|ARM.ActiveCfg = Release|Win32
		{90B99645-E776-4EA8-B201-C97F03BD6525}.Release|ARM64.ActiveCfg = Release|Win32
		{90B99645-E776-4EA8-B201-C97F03BD6525}.Release|x64.ActiveCfg = Release|x64
		{90B99645-E776-4EA8-B201-C97F03BD6525}.Release|x64.Build.0 = Release|x64
		{90B99645-E776-4EA8-B201-C97F03BD6525}.Release|x86.ActiveCfg = Release|Win32
		{90B99645-E776-4EA8-B201-C97F03BD6525}.Release|x86.Build.0 = Release|Win32
		{4D863AAC-2EC1-4697-8FC9-E0D148DE92CD}.Debug|ARM.ActiveCfg = Debug|Win32
		{4D863AAC-2EC1-4697-8FC9-E0D148DE92CD}.Debug|ARM64.ActiveCfg = Debug|Win32
		{4D863AAC-2EC1-4697-8FC9-E0D148DE92CD}.Debug|x64.ActiveCfg = Debug|x64
		{4D863AAC-2EC1-4697-8FC9-E0D148DE92CD}.Debug|x64.Build.0 = Debug|x64
		{4D863AAC-2EC1-4697-8FC9-E0D148DE92CD}.Debug|x86.ActiveCfg = Debug|Win32
		{4D863AAC-2EC1-4697-8FC9-E0D148DE92CD}.Debug|x86.Build.0 = Debug|Win32
		{4D863AAC-2EC1-4697-8FC9-E0D148DE92CD}.Release|ARM.ActiveCfg = Release|Win32
		{4D863AAC-2EC1-4697-8FC9-E0D148DE92CD}.Release|ARM64.ActiveCfg = Release|Win32
		{4D863AAC-2EC1-4697-8FC9-E0D148DE92CD}.Release|x64.ActiveCfg = Release|x64
		{4D863AAC-2EC1-4697-8FC9-E0D148DE92CD}.Release|x64.Build.0 = Release|x64
		{4D863AAC-2EC1-4697-8FC9-E0D148DE92CD}.Release|x86.ActiveCfg = Release|Win32
		{4D863AAC-2EC1-4697-8FC9-E0D148DE92CD}.Release|x86.Build.0 = Release|Win32
		{991C00E9-E60F-46CE-95AA-60E207BE061D}.Debug|ARM.ActiveCfg = Debug|Win32
		{991C00E9-E60F-46CE-95AA-60E207BE061D}.Debug|ARM64.ActiveCfg = Debug|Win32
		{991C00E9-E60F-46CE-95AA-60E207BE061D}.Debug|x64.ActiveCfg = Debug|x64
		{991C00E9-E60F-46CE-95AA-60E207BE061D}.Debug|x64.Build.0 = Debug|x64
		{991C00E9-E60F-46CE-95AA-60E207BE061D}.Debug|x86.ActiveCfg = Debug|Win32
		{991C00E9-E60F-46CE-95AA-60E207BE061D}.Debug|x86.Build.0 = Debug|Win32
		{991C00E9-E60F-46CE-95AA-60E207BE061D}.Release|ARM.ActiveCfg = Release|Win32
		{991C00E9-E60F-46CE-95AA-60E207BE061D}.Release|ARM64.ActiveCfg = Release|Win32
		{991C00E9-E60F-46CE-95AA-60E207BE061D}.Release|x64.ActiveCfg = Release|x64
		{991C00E9-E60F-46CE-95AA-60E207BE061D}.Release|x64.Build.0 = Release|x64
		{991C00E9-E60F-46CE-95AA-60E207BE061D}.Release|x86.ActiveCfg = Release|Win32
		{991C00E9-E60F-46CE-95AA-60E207BE061D}.Release|x86.Build.0 = Release|Win32
		{74EA8304-C3A1-4474-B373-F3874098B6D7}.Debug|ARM.ActiveCfg = Debug|Win32
		{74EA8304-C3A1-4474-B373-F3874098B6D7}.Debug|ARM64.ActiveCfg = Debug|Win32
		{74EA8304-C3A1-4474-B373-F3874098B6D7}.Debug|x64.ActiveCfg = Debug|x64
		{74EA8304-C3A1-4474-B373-F3874098B6D7}.Debug|x64.Build.0 = Debug|x64
		{74EA8304-C3A1-4474-B373-F3874098B6D7}.Debug|x86.ActiveCfg = Debug|Win32
		{74EA8304-C3A1-4474-B373-F3874098B6D7}.Debug|x86.Build.0 = Debug|Win32
		{74EA8304-C3A1-4474-B373-F3874098B6D7}.Release|ARM.ActiveCfg = Release|Win32
		{74EA8304-C3A1-4474-B373-F3874098B6D7}.Release|ARM64.ActiveCfg = Release|Win32
		{74EA8304-C3A1-4474-B373-F3874098B6D7}.Release|x64.ActiveCfg = Release|x64
		{74EA8304-C3A1-4474-B373-F3874098B6D7}.Release|x64.Build.0 = Release|x64
		{74EA8304-C3A1-4474-B373-F3874098B6D7}.Release|x86.ActiveCfg = Release|Win32
		{74EA8304-C3A1-4474-B373-F3874098B6D7}.Release|x86.Build.0 = Release|Win32
		{1AA4637B-9E80-4337-9F9F-5C44FF8F92AA}.Debug|ARM.ActiveCfg = Debug|Win32
		{1AA4637B-9E80-4337-9F9F-5C44FF8F92AA}.Debug|ARM64.ActiveCfg = Debug|Win32
		{1AA4637B-9E80-4337-9F9F-5C44FF8F92AA}.Debug|x64.ActiveCfg = Debug|x64
		{1AA4637B-9E80-4337-9F9F-5C44FF8F92AA}.Debug|x64.Build.0 = Debug|x64
		{1AA4637B-9E80-4337-9F9F-5C44FF8F92AA}.Debug|x86.ActiveCfg = Debug|Win32
		{1AA4637B-9E80-4337-9F9F-5C44FF8F92AA}.Debug|x86.Build.0 = Debug|Win32
		{1AA4637B-9E80-4337-9F9F-5C44FF8F92AA}.Release|ARM.ActiveCfg = Release|Win32
		{1AA4637B-9E80-4337-9F9F-5C44FF8F92AA}.Release|ARM64.ActiveCfg = Release|Win32
		{1AA4637B-9E80-4337-9F9F-5C44FF8F92AA}.Release|x64.ActiveCfg = Release|x64
		{1AA4637B-9E80-4337-9F9F-5C44FF8F92AA}.Release|x64.Build.0 = Release|x64
		{1AA4637B-9E80-4337-9F9F-5C44FF8F92AA}.Release|x86.ActiveCfg = Release|Win32
		{1AA4637B-9E80-4337-9F9F-5C44FF8F92AA}.Release|x86.Build.0 = Release|Win32
		{88B91773-58F6-45A4-9CAF-8F0DB25EBA29}.Debug|ARM.ActiveCfg = Debug|Win32
		{88B91773-58F6-45A4-9CAF-8F0DB25EBA29}.Debug|ARM64.ActiveCfg = Debug|Win32
		{88B91773-58F6-45A4-9CAF-8F0DB25EBA29}.Debug|x64.ActiveCfg = Debug|x64
		{88B91773-58F6-45A4-9CAF-8F0DB25EBA29}.Debug|x64.Build.0 = Debug|x64
		{88B91773-58F6-45A4-9CAF-8F0DB25EBA29}.Debug|x86.ActiveCfg = Debug|Win32
		{88B91773-58F6-45A4-9CAF-8F0DB25EBA29}.Debug|x86.Build.0 = Debug|Win32
		{88B91773-58F6-45A4-9CAF-8F0DB25EBA29}.Release|ARM.ActiveCfg = Release|Win32
		{88B91773-58F6-45A4-9CAF-8F0DB25EBA29}.Release|ARM64.ActiveCfg = Release|Win32
		{88B91773-58F6-45A4-9CAF-8F0DB25EBA29}.Release|x64.ActiveCfg = Release|x64
		{88B91773-58F6-45A4-9CAF-8F0DB25EBA29}.Release|x64.Build.0 = Release|x64
		{88B91773-58F6-45A4-9CAF-8F0DB25EBA29}.Release|x86.ActiveCfg = Release|Win32
		{88B91773-58F6-45A4-9CAF-8F0DB25EBA29}.Release|x86.Build.0 = Release|Win32
		{34907A84-5F72-473D-B197-4B56F810578E}.Debug|ARM.ActiveCfg = Debug|Win32
		{34907A84-5F72-473D-B197-4B56F810578E}.Debug|ARM64.ActiveCfg = Debug|Win32
		{34907A84-5F72-473D-B197-4B56F810578E}.Debug|x64.ActiveCfg = Debug|x64
		{34907A84-5F72-473D-B197-4B56F810578E}.Debug|x64.Build.0 = Debug|x64
		{34907A84-5F72-473D-B197-4B56F810578E}.Debug|x86.ActiveCfg = Debug|Win32
		{34907A84-5F72-473D-B197-4B56F810578E}.Debug|x86.Build.0 = Debug|Win32
		{34907A84-5F72-473D-B197-4B56F810578E}.Release|ARM.ActiveCfg = Release|Win32
		{34907A84-5F72-473D-B197-4B56F810578E}.Release|ARM64.ActiveCfg = Release|Win32
		{34907A84-5F72-473D-B197-4B56F810578E}.Release|x64.ActiveCfg = Release|x64
		{34907A84-5F72-473D-B197-4B56F810578E}.Release|x64.Build.0 = Release|x64
		{34907A84-5F72-473D-B197-4B56F810578E}.Release|x86.ActiveCfg = Release|Win32
		{34907A84-5F72-473D-B197-4B56F810578E}.Release|x86.Build.0 = Release|Win32
		{FF4BA9A5-D639-4FB8-A02C-83A2946E7501}.Debug|ARM.ActiveCfg = Debug|Win32
		{FF4BA9A5-D639-4FB8-A02C-83A2946E7501}.Debug|ARM64.ActiveCfg = Debug|Win32
		{FF4BA9A5-D639-4FB8-A02C-83A2946E7501}.Debug|x64.ActiveCfg = Debug|x64
		{FF4BA9A5-D639-4FB8-A02C-83A2946E7501}.Debug|x64.Build.0 = Debug|x64
		{FF4BA9A5-D639-4FB8-A02C-83A2946E7501}.Debug|x86.ActiveCfg = Debug|Win32
		{FF4BA9A5-D639-4FB8-A02C-83A2946E7501}.Debug|x86.Build.0 = Debug|Win32
		{FF4BA9A5-D639-4FB8-A02C-83A2946E7501}.Release|ARM.ActiveCfg = Release|Win32
		{FF4BA9A5-D639-4FB8-A02C-83A2946E7501}.Release|ARM64.ActiveCfg = Release|Win32
		{FF4BA9A5-D639-4FB8-A02C-83A2946E7501}.Release|x64.ActiveCfg = Release|x64
		{FF4BA9A5-D639-4FB8-A02C-83A2946E7501}.Release|x64.Build.0 = Release|x64
		{FF4BA9A5-D639-4FB8-A02C-83A2946E7501}.Release|x86.ActiveCfg = Release|Win32
		{FF4BA9A5-D639-4FB8-A02C-83A2946E7501}.Release|x86.Build.0 = Release|Win32
		{51F4A95F-8E1C-4DF0-86F4-8AFB48CDB463}.Debug|ARM.ActiveCfg = Debug|ARM
		{51F4A95F-8E1C-4DF0-86F4-8AFB48CDB463}.Debug|ARM.Build.0 = Debug|ARM
		{51F4A95F-8E1C-4DF0-86F4-8AFB48CDB463}.Debug|ARM.Deploy.0 = Debug|ARM
		{51F4A95F-8E1C-4DF0-86F4-8AFB48CDB463}.Debug|ARM64.ActiveCfg = Debug|ARM64
		{51F4A95F-8E1C-4DF0-86F4-8AFB48CDB463}.Debug|ARM64.Build.0 = Debug|ARM64
		{51F4A95F-8E1C-4DF0-86F4-8AFB48CDB463}.Debug|ARM64.Deploy.0 = Debug|ARM64
		{51F4A95F-8E1C-4DF0-86F4-8AFB48CDB463}.Debug|x64.ActiveCfg = Debug|x64
		{51F4A95F-8E1C-4DF0-86F4-8AFB48CDB463}.Debug|x64.Build.0 = Debug|x64
		{51F4A95F-8E1C-4DF0-86F4-8AFB48CDB463}.Debug|x64.Deploy.0 = Debug|x64
		{51F4A95F-8E1C-4DF0-86F4-8AFB48CDB463}.Debug|x86.ActiveCfg = Debug|Win32
		{51F4A95F-8E1C-4DF0-86F4-8AFB48CDB463}.Debug|x86.Build.0 = Debug|Win32
		{51F4A95F-8E1C-4DF0-86F4-8AFB48CDB463}.Debug|x86.Deploy.0 = Debug|Win32
		{51F4A95F-8E1C-4DF0-86F4-8AFB48CDB463}.Release|ARM.ActiveCfg = Release|ARM
		{51F4A95F-8E1C-4DF0-86F4-8AFB48CDB463}.Release|ARM.Build.0 = Release|ARM
		{51F4A95F-8E1C-4DF0-86F4-8AFB48CDB463}.Release|ARM.Deploy.0 = Release|ARM
		{51F4A95F-8E1C-4DF0-86F4-8AFB48CDB463}.Release|ARM64.ActiveCfg = Release|ARM64
		{51F4A95F-8E1C-4DF0-86F4-8AFB48CDB463}.Release|ARM64.Build.0 = Release|ARM64
		{51F4A95F-8E1C-4DF0-86F4-8AFB48CDB463}.Release|ARM64.Deploy.0 = Release|ARM64
		{51F4A95F-8E1C-4DF0-86F4-8AFB48CDB463}.Release|x64.ActiveCfg = Release|x64
		{51F4A95F-8E1C-4DF0-86F4-8AFB48CDB463}.Release|x64.Build.0 = Release|x64
		{51F4A95F-8E1C-4DF0-86F4-8AFB48CDB463}.Release|x64.Deploy.0 = Release|x64
		{51F4A95F-8E1C-4DF0-86F4-8AFB48CDB463}.Release|x86.ActiveCfg = Release|Win32
		{51F4A95F-8E1C-4DF0-86F4-8AFB48CDB463}.Release|x86.Build.0 = Release|Win32
		{51F4A95F-8E1C-4DF0-86F4-8AFB48CDB463}.Release|x86.Deploy.0 = Release|Win32
		{36F7BDF8-BD0D-426D-A27D-881B9B84DCE1}.Debug|ARM.ActiveCfg = Debug|Win32
		{36F7BDF8-BD0D-426D-A27D-881B9B84DCE1}.Debug|ARM64.ActiveCfg = Debug|Win32
		{36F7BDF8-BD0D-426D-A27D-881B9B84DCE1}.Debug|x64.ActiveCfg = Debug|x64
		{36F7BDF8-BD0D-426D-A27D-881B9B84DCE1}.Debug|x64.Build.0 = Debug|x64
		{36F7BDF8-BD0D-426D-A27D-881B9B84DCE1}.Debug|x86.ActiveCfg = Debug|Win32
		{36F7BDF8-BD0D-426D-A27D-881B9B84DCE1}.Debug|x86.Build.0 = Debug|Win32
		{36F7BDF8-BD0D-426D-A27D-881B9B84DCE1}.Release|ARM.ActiveCfg = Release|Win32
		{36F7BDF8-BD0D-426D-A27D-881B9B84DCE1}.Release|ARM64.ActiveCfg = Release|Win32
		{36F7BDF8-BD0D-426D-A27D-881B9B84DCE1}.Release|x64.ActiveCfg = Release|x64
		{36F7BDF8-BD0D-426D-A27D-881B9B84DCE1}.Release|x64.Build.0 = Release|x64
		{36F7BDF8-BD0D-426D-A27D-881B9B84DCE1}.Release|x86.ActiveCfg = Release|Win32
		{36F7BDF8-BD0D-426D-A27D-881B9B84DCE1}.Release|x86.Build.0 = Release|Win32
	EndGlobalSection
	GlobalSection(SolutionProperties) = preSolution
		HideSolutionNode = FALSE
	EndGlobalSection
	GlobalSection(NestedProjects) = preSolution
		{991C00E9-E60F-46CE-95AA-60E207BE061D} = {88F932DB-0CE9-4393-9370-386FE95C57D1}
		{74EA8304-C3A1-4474-B373-F3874098B6D7} = {88F932DB-0CE9-4393-9370-386FE95C57D1}
		{51F4A95F-8E1C-4DF0-86F4-8AFB48CDB463} = {B46CDE62-BAF3-4FEF-B340-7C7BC4DC911F}
		{36F7BDF8-BD0D-426D-A27D-881B9B84DCE1} = {B46CDE62-BAF3-4FEF-B340-7C7BC4DC911F}
	EndGlobalSection
	GlobalSection(ExtensibilityGlobals) = postSolution
		SolutionGuid = {A889B4DE-3A70-4A0F-B0E1-0FAB0ADFD662}
	EndGlobalSection
EndGlobal
