
Microsoft Visual Studio Solution File, Format Version 12.00
# Visual Studio Version 16
VisualStudioVersion = 16.0.30309.148
MinimumVisualStudioVersion = 10.0.40219.1
Project("{8BC9CEB8-8B4A-11D0-8D11-00A0C91BC942}") = "VSDebug", "VSDebug\VSDebug.vcxproj", "{0242A968-FD6B-4059-B9C6-2D9EC7DF2616}"
EndProject
Global
	GlobalSection(SolutionConfigurationPlatforms) = preSolution
		Debug|x64 = Debug|x64
		Debug|x86 = Debug|x86
		Release|x64 = Release|x64
		Release|x86 = Release|x86
	EndGlobalSection
	GlobalSection(ProjectConfigurationPlatforms) = postSolution
		{0242A968-FD6B-4059-B9C6-2D9EC7DF2616}.Debug|x64.ActiveCfg = Debug|x64
		{0242A968-FD6B-4059-B9C6-2D9EC7DF2616}.Debug|x64.Build.0 = Debug|x64
		{0242A968-FD6B-4059-B9C6-2D9EC7DF2616}.Debug|x86.ActiveCfg = Debug|Win32
		{0242A968-FD6B-4059-B9C6-2D9EC7DF2616}.Debug|x86.Build.0 = Debug|Win32
		{0242A968-FD6B-4059-B9C6-2D9EC7DF2616}.Release|x64.ActiveCfg = Release|x64
		{0242A968-FD6B-4059-B9C6-2D9EC7DF2616}.Release|x64.Build.0 = Release|x64
		{0242A968-FD6B-4059-B9C6-2D9EC7DF2616}.Release|x86.ActiveCfg = Release|Win32
		{0242A968-FD6B-4059-B9C6-2D9EC7DF2616}.Release|x86.Build.0 = Release|Win32
	EndGlobalSection
	GlobalSection(SolutionProperties) = preSolution
		HideSolutionNode = FALSE
	EndGlobalSection
	GlobalSection(ExtensibilityGlobals) = postSolution
		SolutionGuid = {EE09A2E5-530E-4127-9A93-6BFC57A2A6FC}
	EndGlobalSection
EndGlobal
